// !$*UTF8*$!
{
	archiveVersion = 1;
	classes = {
	};
	objectVersion = 51;
	objects = {

/* Begin PBXBuildFile section */
		06A0A06022D3FBA900ACAFB0 /* AppDelegate.m in Sources */ = {isa = PBXBuildFile; fileRef = 06A0A05F22D3FBA900ACAFB0 /* AppDelegate.m */; };
		06A0A06322D3FBA900ACAFB0 /* ViewController.m in Sources */ = {isa = PBXBuildFile; fileRef = 06A0A06222D3FBA900ACAFB0 /* ViewController.m */; };
		06A0A06622D3FBA900ACAFB0 /* Main.storyboard in Resources */ = {isa = PBXBuildFile; fileRef = 06A0A06422D3FBA900ACAFB0 /* Main.storyboard */; };
		06A0A06822D3FBAA00ACAFB0 /* Assets.xcassets in Resources */ = {isa = PBXBuildFile; fileRef = 06A0A06722D3FBAA00ACAFB0 /* Assets.xcassets */; };
		06A0A06B22D3FBAA00ACAFB0 /* LaunchScreen.storyboard in Resources */ = {isa = PBXBuildFile; fileRef = 06A0A06922D3FBAA00ACAFB0 /* LaunchScreen.storyboard */; };
		06A0A06E22D3FBAA00ACAFB0 /* main.m in Sources */ = {isa = PBXBuildFile; fileRef = 06A0A06D22D3FBAA00ACAFB0 /* main.m */; };
		06A0A07822D3FBAA00ACAFB0 /* InstagramTests.m in Sources */ = {isa = PBXBuildFile; fileRef = 06A0A07722D3FBAA00ACAFB0 /* InstagramTests.m */; };
		06A0A08322D3FBAA00ACAFB0 /* InstagramUITests.m in Sources */ = {isa = PBXBuildFile; fileRef = 06A0A08222D3FBAA00ACAFB0 /* InstagramUITests.m */; };
		06A0A09322D407FC00ACAFB0 /* LoginViewController.m in Sources */ = {isa = PBXBuildFile; fileRef = 06A0A09222D407FC00ACAFB0 /* LoginViewController.m */; };
		06A0A09622D40DC700ACAFB0 /* RegisterViewController.m in Sources */ = {isa = PBXBuildFile; fileRef = 06A0A09522D40DC700ACAFB0 /* RegisterViewController.m */; };
		06A0A09922D4133500ACAFB0 /* TimelineViewController.m in Sources */ = {isa = PBXBuildFile; fileRef = 06A0A09822D4133500ACAFB0 /* TimelineViewController.m */; };
		06A0A09C22D526D600ACAFB0 /* CameraViewController.m in Sources */ = {isa = PBXBuildFile; fileRef = 06A0A09B22D526D600ACAFB0 /* CameraViewController.m */; };
		06A0A0A322D53F3500ACAFB0 /* Post.m in Sources */ = {isa = PBXBuildFile; fileRef = 06A0A0A222D53F3500ACAFB0 /* Post.m */; };
		06A0A0A922D5500100ACAFB0 /* PostCell.m in Sources */ = {isa = PBXBuildFile; fileRef = 06A0A0A822D5500100ACAFB0 /* PostCell.m */; };
		353EA34C7A62B9A03680DFDD /* Pods_InstagramUITests.framework in Frameworks */ = {isa = PBXBuildFile; fileRef = 89C50B6021545FE4636BB76D /* Pods_InstagramUITests.framework */; };
		3E1120D29B3E97F73DD18A73 /* Pods_InstagramTests.framework in Frameworks */ = {isa = PBXBuildFile; fileRef = A2D230EFCF8CB3D4958A1740 /* Pods_InstagramTests.framework */; };
		E4785BAC8D58F552016B0980 /* Pods_Instagram.framework in Frameworks */ = {isa = PBXBuildFile; fileRef = C7ABCED2A4DD53546A16B053 /* Pods_Instagram.framework */; };
/* End PBXBuildFile section */

/* Begin PBXContainerItemProxy section */
		06A0A07422D3FBAA00ACAFB0 /* PBXContainerItemProxy */ = {
			isa = PBXContainerItemProxy;
			containerPortal = 06A0A05322D3FBA900ACAFB0 /* Project object */;
			proxyType = 1;
			remoteGlobalIDString = 06A0A05A22D3FBA900ACAFB0;
			remoteInfo = Instagram;
		};
		06A0A07F22D3FBAA00ACAFB0 /* PBXContainerItemProxy */ = {
			isa = PBXContainerItemProxy;
			containerPortal = 06A0A05322D3FBA900ACAFB0 /* Project object */;
			proxyType = 1;
			remoteGlobalIDString = 06A0A05A22D3FBA900ACAFB0;
			remoteInfo = Instagram;
		};
/* End PBXContainerItemProxy section */

/* Begin PBXFileReference section */
		06A0A05B22D3FBA900ACAFB0 /* Instagram.app */ = {isa = PBXFileReference; explicitFileType = wrapper.application; includeInIndex = 0; path = Instagram.app; sourceTree = BUILT_PRODUCTS_DIR; };
		06A0A05E22D3FBA900ACAFB0 /* AppDelegate.h */ = {isa = PBXFileReference; lastKnownFileType = sourcecode.c.h; path = AppDelegate.h; sourceTree = "<group>"; };
		06A0A05F22D3FBA900ACAFB0 /* AppDelegate.m */ = {isa = PBXFileReference; lastKnownFileType = sourcecode.c.objc; path = AppDelegate.m; sourceTree = "<group>"; };
		06A0A06122D3FBA900ACAFB0 /* ViewController.h */ = {isa = PBXFileReference; lastKnownFileType = sourcecode.c.h; path = ViewController.h; sourceTree = "<group>"; };
		06A0A06222D3FBA900ACAFB0 /* ViewController.m */ = {isa = PBXFileReference; lastKnownFileType = sourcecode.c.objc; path = ViewController.m; sourceTree = "<group>"; };
		06A0A06522D3FBA900ACAFB0 /* Base */ = {isa = PBXFileReference; lastKnownFileType = file.storyboard; name = Base; path = Base.lproj/Main.storyboard; sourceTree = "<group>"; };
		06A0A06722D3FBAA00ACAFB0 /* Assets.xcassets */ = {isa = PBXFileReference; lastKnownFileType = folder.assetcatalog; path = Assets.xcassets; sourceTree = "<group>"; };
		06A0A06A22D3FBAA00ACAFB0 /* Base */ = {isa = PBXFileReference; lastKnownFileType = file.storyboard; name = Base; path = Base.lproj/LaunchScreen.storyboard; sourceTree = "<group>"; };
		06A0A06C22D3FBAA00ACAFB0 /* Info.plist */ = {isa = PBXFileReference; lastKnownFileType = text.plist.xml; path = Info.plist; sourceTree = "<group>"; };
		06A0A06D22D3FBAA00ACAFB0 /* main.m */ = {isa = PBXFileReference; lastKnownFileType = sourcecode.c.objc; path = main.m; sourceTree = "<group>"; };
		06A0A07322D3FBAA00ACAFB0 /* InstagramTests.xctest */ = {isa = PBXFileReference; explicitFileType = wrapper.cfbundle; includeInIndex = 0; path = InstagramTests.xctest; sourceTree = BUILT_PRODUCTS_DIR; };
		06A0A07722D3FBAA00ACAFB0 /* InstagramTests.m */ = {isa = PBXFileReference; lastKnownFileType = sourcecode.c.objc; path = InstagramTests.m; sourceTree = "<group>"; };
		06A0A07922D3FBAA00ACAFB0 /* Info.plist */ = {isa = PBXFileReference; lastKnownFileType = text.plist.xml; path = Info.plist; sourceTree = "<group>"; };
		06A0A07E22D3FBAA00ACAFB0 /* InstagramUITests.xctest */ = {isa = PBXFileReference; explicitFileType = wrapper.cfbundle; includeInIndex = 0; path = InstagramUITests.xctest; sourceTree = BUILT_PRODUCTS_DIR; };
		06A0A08222D3FBAA00ACAFB0 /* InstagramUITests.m */ = {isa = PBXFileReference; lastKnownFileType = sourcecode.c.objc; path = InstagramUITests.m; sourceTree = "<group>"; };
		06A0A08422D3FBAA00ACAFB0 /* Info.plist */ = {isa = PBXFileReference; lastKnownFileType = text.plist.xml; path = Info.plist; sourceTree = "<group>"; };
		06A0A09122D407FC00ACAFB0 /* LoginViewController.h */ = {isa = PBXFileReference; lastKnownFileType = sourcecode.c.h; path = LoginViewController.h; sourceTree = "<group>"; };
		06A0A09222D407FC00ACAFB0 /* LoginViewController.m */ = {isa = PBXFileReference; lastKnownFileType = sourcecode.c.objc; path = LoginViewController.m; sourceTree = "<group>"; };
		06A0A09422D40DC700ACAFB0 /* RegisterViewController.h */ = {isa = PBXFileReference; lastKnownFileType = sourcecode.c.h; path = RegisterViewController.h; sourceTree = "<group>"; };
		06A0A09522D40DC700ACAFB0 /* RegisterViewController.m */ = {isa = PBXFileReference; lastKnownFileType = sourcecode.c.objc; path = RegisterViewController.m; sourceTree = "<group>"; };
		06A0A09722D4133500ACAFB0 /* TimelineViewController.h */ = {isa = PBXFileReference; lastKnownFileType = sourcecode.c.h; path = TimelineViewController.h; sourceTree = "<group>"; };
		06A0A09822D4133500ACAFB0 /* TimelineViewController.m */ = {isa = PBXFileReference; lastKnownFileType = sourcecode.c.objc; path = TimelineViewController.m; sourceTree = "<group>"; };
		06A0A09A22D526D600ACAFB0 /* CameraViewController.h */ = {isa = PBXFileReference; lastKnownFileType = sourcecode.c.h; path = CameraViewController.h; sourceTree = "<group>"; };
		06A0A09B22D526D600ACAFB0 /* CameraViewController.m */ = {isa = PBXFileReference; lastKnownFileType = sourcecode.c.objc; path = CameraViewController.m; sourceTree = "<group>"; };
		06A0A0A122D53F3500ACAFB0 /* Post.h */ = {isa = PBXFileReference; lastKnownFileType = sourcecode.c.h; path = Post.h; sourceTree = "<group>"; };
		06A0A0A222D53F3500ACAFB0 /* Post.m */ = {isa = PBXFileReference; lastKnownFileType = sourcecode.c.objc; path = Post.m; sourceTree = "<group>"; };
		06A0A0A722D5500100ACAFB0 /* PostCell.h */ = {isa = PBXFileReference; lastKnownFileType = sourcecode.c.h; path = PostCell.h; sourceTree = "<group>"; };
		06A0A0A822D5500100ACAFB0 /* PostCell.m */ = {isa = PBXFileReference; lastKnownFileType = sourcecode.c.objc; path = PostCell.m; sourceTree = "<group>"; };
		0A3812B13DE6FCE46FEF488E /* Pods-Instagram.release.xcconfig */ = {isa = PBXFileReference; includeInIndex = 1; lastKnownFileType = text.xcconfig; name = "Pods-Instagram.release.xcconfig"; path = "Target Support Files/Pods-Instagram/Pods-Instagram.release.xcconfig"; sourceTree = "<group>"; };
		434E8B740B63A466C721CCDB /* Pods-InstagramUITests.debug.xcconfig */ = {isa = PBXFileReference; includeInIndex = 1; lastKnownFileType = text.xcconfig; name = "Pods-InstagramUITests.debug.xcconfig"; path = "Target Support Files/Pods-InstagramUITests/Pods-InstagramUITests.debug.xcconfig"; sourceTree = "<group>"; };
		43E01B430BB01829A52FADB8 /* Pods-InstagramTests.release.xcconfig */ = {isa = PBXFileReference; includeInIndex = 1; lastKnownFileType = text.xcconfig; name = "Pods-InstagramTests.release.xcconfig"; path = "Target Support Files/Pods-InstagramTests/Pods-InstagramTests.release.xcconfig"; sourceTree = "<group>"; };
		64B8478D37B121E7417F3EE1 /* Pods-InstagramUITests.release.xcconfig */ = {isa = PBXFileReference; includeInIndex = 1; lastKnownFileType = text.xcconfig; name = "Pods-InstagramUITests.release.xcconfig"; path = "Target Support Files/Pods-InstagramUITests/Pods-InstagramUITests.release.xcconfig"; sourceTree = "<group>"; };
		89C50B6021545FE4636BB76D /* Pods_InstagramUITests.framework */ = {isa = PBXFileReference; explicitFileType = wrapper.framework; includeInIndex = 0; path = Pods_InstagramUITests.framework; sourceTree = BUILT_PRODUCTS_DIR; };
		A2D230EFCF8CB3D4958A1740 /* Pods_InstagramTests.framework */ = {isa = PBXFileReference; explicitFileType = wrapper.framework; includeInIndex = 0; path = Pods_InstagramTests.framework; sourceTree = BUILT_PRODUCTS_DIR; };
		AA33101020EAD762BC339798 /* Pods-InstagramTests.debug.xcconfig */ = {isa = PBXFileReference; includeInIndex = 1; lastKnownFileType = text.xcconfig; name = "Pods-InstagramTests.debug.xcconfig"; path = "Target Support Files/Pods-InstagramTests/Pods-InstagramTests.debug.xcconfig"; sourceTree = "<group>"; };
		BF0301E216A0CE885E872950 /* Pods-Instagram.debug.xcconfig */ = {isa = PBXFileReference; includeInIndex = 1; lastKnownFileType = text.xcconfig; name = "Pods-Instagram.debug.xcconfig"; path = "Target Support Files/Pods-Instagram/Pods-Instagram.debug.xcconfig"; sourceTree = "<group>"; };
		C7ABCED2A4DD53546A16B053 /* Pods_Instagram.framework */ = {isa = PBXFileReference; explicitFileType = wrapper.framework; includeInIndex = 0; path = Pods_Instagram.framework; sourceTree = BUILT_PRODUCTS_DIR; };
/* End PBXFileReference section */

/* Begin PBXFrameworksBuildPhase section */
		06A0A05822D3FBA900ACAFB0 /* Frameworks */ = {
			isa = PBXFrameworksBuildPhase;
			buildActionMask = 2147483647;
			files = (
				E4785BAC8D58F552016B0980 /* Pods_Instagram.framework in Frameworks */,
			);
			runOnlyForDeploymentPostprocessing = 0;
		};
		06A0A07022D3FBAA00ACAFB0 /* Frameworks */ = {
			isa = PBXFrameworksBuildPhase;
			buildActionMask = 2147483647;
			files = (
				3E1120D29B3E97F73DD18A73 /* Pods_InstagramTests.framework in Frameworks */,
			);
			runOnlyForDeploymentPostprocessing = 0;
		};
		06A0A07B22D3FBAA00ACAFB0 /* Frameworks */ = {
			isa = PBXFrameworksBuildPhase;
			buildActionMask = 2147483647;
			files = (
				353EA34C7A62B9A03680DFDD /* Pods_InstagramUITests.framework in Frameworks */,
			);
			runOnlyForDeploymentPostprocessing = 0;
		};
/* End PBXFrameworksBuildPhase section */

/* Begin PBXGroup section */
		06A0A05222D3FBA900ACAFB0 = {
			isa = PBXGroup;
			children = (
				06A0A05D22D3FBA900ACAFB0 /* Instagram */,
				06A0A07622D3FBAA00ACAFB0 /* InstagramTests */,
				06A0A08122D3FBAA00ACAFB0 /* InstagramUITests */,
				06A0A05C22D3FBA900ACAFB0 /* Products */,
				0FD40E083CAA24815C57D5D4 /* Pods */,
				72996AC70466DB8265625F31 /* Frameworks */,
			);
			sourceTree = "<group>";
		};
		06A0A05C22D3FBA900ACAFB0 /* Products */ = {
			isa = PBXGroup;
			children = (
				06A0A05B22D3FBA900ACAFB0 /* Instagram.app */,
				06A0A07322D3FBAA00ACAFB0 /* InstagramTests.xctest */,
				06A0A07E22D3FBAA00ACAFB0 /* InstagramUITests.xctest */,
			);
			name = Products;
			sourceTree = "<group>";
		};
		06A0A05D22D3FBA900ACAFB0 /* Instagram */ = {
			isa = PBXGroup;
			children = (
				06A0A0A622D54FD100ACAFB0 /* Views */,
				06A0A0A022D53E8400ACAFB0 /* Models */,
				06A0A09022D407BD00ACAFB0 /* View Controllers */,
				06A0A05E22D3FBA900ACAFB0 /* AppDelegate.h */,
				06A0A05F22D3FBA900ACAFB0 /* AppDelegate.m */,
				06A0A06122D3FBA900ACAFB0 /* ViewController.h */,
				06A0A06222D3FBA900ACAFB0 /* ViewController.m */,
				06A0A06422D3FBA900ACAFB0 /* Main.storyboard */,
				06A0A06722D3FBAA00ACAFB0 /* Assets.xcassets */,
				06A0A06922D3FBAA00ACAFB0 /* LaunchScreen.storyboard */,
				06A0A06C22D3FBAA00ACAFB0 /* Info.plist */,
				06A0A06D22D3FBAA00ACAFB0 /* main.m */,
			);
			path = Instagram;
			sourceTree = "<group>";
		};
		06A0A07622D3FBAA00ACAFB0 /* InstagramTests */ = {
			isa = PBXGroup;
			children = (
				06A0A07722D3FBAA00ACAFB0 /* InstagramTests.m */,
				06A0A07922D3FBAA00ACAFB0 /* Info.plist */,
			);
			path = InstagramTests;
			sourceTree = "<group>";
		};
		06A0A08122D3FBAA00ACAFB0 /* InstagramUITests */ = {
			isa = PBXGroup;
			children = (
				06A0A08222D3FBAA00ACAFB0 /* InstagramUITests.m */,
				06A0A08422D3FBAA00ACAFB0 /* Info.plist */,
			);
			path = InstagramUITests;
			sourceTree = "<group>";
		};
		06A0A09022D407BD00ACAFB0 /* View Controllers */ = {
			isa = PBXGroup;
			children = (
				06A0A09122D407FC00ACAFB0 /* LoginViewController.h */,
				06A0A09222D407FC00ACAFB0 /* LoginViewController.m */,
				06A0A09422D40DC700ACAFB0 /* RegisterViewController.h */,
				06A0A09522D40DC700ACAFB0 /* RegisterViewController.m */,
				06A0A09722D4133500ACAFB0 /* TimelineViewController.h */,
				06A0A09822D4133500ACAFB0 /* TimelineViewController.m */,
				06A0A09A22D526D600ACAFB0 /* CameraViewController.h */,
				06A0A09B22D526D600ACAFB0 /* CameraViewController.m */,
			);
			path = "View Controllers";
			sourceTree = "<group>";
		};
		06A0A0A022D53E8400ACAFB0 /* Models */ = {
			isa = PBXGroup;
			children = (
				06A0A0A122D53F3500ACAFB0 /* Post.h */,
				06A0A0A222D53F3500ACAFB0 /* Post.m */,
			);
			path = Models;
			sourceTree = "<group>";
		};
		06A0A0A622D54FD100ACAFB0 /* Views */ = {
			isa = PBXGroup;
			children = (
				06A0A0A722D5500100ACAFB0 /* PostCell.h */,
				06A0A0A822D5500100ACAFB0 /* PostCell.m */,
			);
			path = Views;
			sourceTree = "<group>";
		};
		0FD40E083CAA24815C57D5D4 /* Pods */ = {
			isa = PBXGroup;
			children = (
				BF0301E216A0CE885E872950 /* Pods-Instagram.debug.xcconfig */,
				0A3812B13DE6FCE46FEF488E /* Pods-Instagram.release.xcconfig */,
				AA33101020EAD762BC339798 /* Pods-InstagramTests.debug.xcconfig */,
				43E01B430BB01829A52FADB8 /* Pods-InstagramTests.release.xcconfig */,
				434E8B740B63A466C721CCDB /* Pods-InstagramUITests.debug.xcconfig */,
				64B8478D37B121E7417F3EE1 /* Pods-InstagramUITests.release.xcconfig */,
			);
			path = Pods;
			sourceTree = "<group>";
		};
		72996AC70466DB8265625F31 /* Frameworks */ = {
			isa = PBXGroup;
			children = (
				C7ABCED2A4DD53546A16B053 /* Pods_Instagram.framework */,
				A2D230EFCF8CB3D4958A1740 /* Pods_InstagramTests.framework */,
				89C50B6021545FE4636BB76D /* Pods_InstagramUITests.framework */,
			);
			name = Frameworks;
			sourceTree = "<group>";
		};
/* End PBXGroup section */

/* Begin PBXNativeTarget section */
		06A0A05A22D3FBA900ACAFB0 /* Instagram */ = {
			isa = PBXNativeTarget;
			buildConfigurationList = 06A0A08722D3FBAA00ACAFB0 /* Build configuration list for PBXNativeTarget "Instagram" */;
			buildPhases = (
				671B659D52CC8863A0E63536 /* [CP] Check Pods Manifest.lock */,
				06A0A05722D3FBA900ACAFB0 /* Sources */,
				06A0A05822D3FBA900ACAFB0 /* Frameworks */,
				06A0A05922D3FBA900ACAFB0 /* Resources */,
				2994C75C382E7163A6A287AF /* [CP] Embed Pods Frameworks */,
			);
			buildRules = (
			);
			dependencies = (
			);
			name = Instagram;
			productName = Instagram;
			productReference = 06A0A05B22D3FBA900ACAFB0 /* Instagram.app */;
			productType = "com.apple.product-type.application";
		};
		06A0A07222D3FBAA00ACAFB0 /* InstagramTests */ = {
			isa = PBXNativeTarget;
			buildConfigurationList = 06A0A08A22D3FBAA00ACAFB0 /* Build configuration list for PBXNativeTarget "InstagramTests" */;
			buildPhases = (
				EAEA1BB141FC62FD285CCFDD /* [CP] Check Pods Manifest.lock */,
				06A0A06F22D3FBAA00ACAFB0 /* Sources */,
				06A0A07022D3FBAA00ACAFB0 /* Frameworks */,
				06A0A07122D3FBAA00ACAFB0 /* Resources */,
			);
			buildRules = (
			);
			dependencies = (
				06A0A07522D3FBAA00ACAFB0 /* PBXTargetDependency */,
			);
			name = InstagramTests;
			productName = InstagramTests;
			productReference = 06A0A07322D3FBAA00ACAFB0 /* InstagramTests.xctest */;
			productType = "com.apple.product-type.bundle.unit-test";
		};
		06A0A07D22D3FBAA00ACAFB0 /* InstagramUITests */ = {
			isa = PBXNativeTarget;
			buildConfigurationList = 06A0A08D22D3FBAA00ACAFB0 /* Build configuration list for PBXNativeTarget "InstagramUITests" */;
			buildPhases = (
				2B3B53987F741477219BCD4D /* [CP] Check Pods Manifest.lock */,
				06A0A07A22D3FBAA00ACAFB0 /* Sources */,
				06A0A07B22D3FBAA00ACAFB0 /* Frameworks */,
				06A0A07C22D3FBAA00ACAFB0 /* Resources */,
			);
			buildRules = (
			);
			dependencies = (
				06A0A08022D3FBAA00ACAFB0 /* PBXTargetDependency */,
			);
			name = InstagramUITests;
			productName = InstagramUITests;
			productReference = 06A0A07E22D3FBAA00ACAFB0 /* InstagramUITests.xctest */;
			productType = "com.apple.product-type.bundle.ui-testing";
		};
/* End PBXNativeTarget section */

/* Begin PBXProject section */
		06A0A05322D3FBA900ACAFB0 /* Project object */ = {
			isa = PBXProject;
			attributes = {
				LastUpgradeCheck = 1020;
				ORGANIZATIONNAME = ezietz;
				TargetAttributes = {
					06A0A05A22D3FBA900ACAFB0 = {
						CreatedOnToolsVersion = 10.2.1;
					};
					06A0A07222D3FBAA00ACAFB0 = {
						CreatedOnToolsVersion = 10.2.1;
						TestTargetID = 06A0A05A22D3FBA900ACAFB0;
					};
					06A0A07D22D3FBAA00ACAFB0 = {
						CreatedOnToolsVersion = 10.2.1;
						TestTargetID = 06A0A05A22D3FBA900ACAFB0;
					};
				};
			};
			buildConfigurationList = 06A0A05622D3FBA900ACAFB0 /* Build configuration list for PBXProject "Instagram" */;
			compatibilityVersion = "Xcode 9.3";
			developmentRegion = en;
			hasScannedForEncodings = 0;
			knownRegions = (
				en,
				Base,
			);
			mainGroup = 06A0A05222D3FBA900ACAFB0;
			productRefGroup = 06A0A05C22D3FBA900ACAFB0 /* Products */;
			projectDirPath = "";
			projectRoot = "";
			targets = (
				06A0A05A22D3FBA900ACAFB0 /* Instagram */,
				06A0A07222D3FBAA00ACAFB0 /* InstagramTests */,
				06A0A07D22D3FBAA00ACAFB0 /* InstagramUITests */,
			);
		};
/* End PBXProject section */

/* Begin PBXResourcesBuildPhase section */
		06A0A05922D3FBA900ACAFB0 /* Resources */ = {
			isa = PBXResourcesBuildPhase;
			buildActionMask = 2147483647;
			files = (
				06A0A06B22D3FBAA00ACAFB0 /* LaunchScreen.storyboard in Resources */,
				06A0A06822D3FBAA00ACAFB0 /* Assets.xcassets in Resources */,
				06A0A06622D3FBA900ACAFB0 /* Main.storyboard in Resources */,
			);
			runOnlyForDeploymentPostprocessing = 0;
		};
		06A0A07122D3FBAA00ACAFB0 /* Resources */ = {
			isa = PBXResourcesBuildPhase;
			buildActionMask = 2147483647;
			files = (
			);
			runOnlyForDeploymentPostprocessing = 0;
		};
		06A0A07C22D3FBAA00ACAFB0 /* Resources */ = {
			isa = PBXResourcesBuildPhase;
			buildActionMask = 2147483647;
			files = (
			);
			runOnlyForDeploymentPostprocessing = 0;
		};
/* End PBXResourcesBuildPhase section */

/* Begin PBXShellScriptBuildPhase section */
		2994C75C382E7163A6A287AF /* [CP] Embed Pods Frameworks */ = {
			isa = PBXShellScriptBuildPhase;
			buildActionMask = 2147483647;
			files = (
			);
			inputFileListPaths = (
				"${PODS_ROOT}/Target Support Files/Pods-Instagram/Pods-Instagram-frameworks-${CONFIGURATION}-input-files.xcfilelist",
			);
			name = "[CP] Embed Pods Frameworks";
			outputFileListPaths = (
				"${PODS_ROOT}/Target Support Files/Pods-Instagram/Pods-Instagram-frameworks-${CONFIGURATION}-output-files.xcfilelist",
			);
			runOnlyForDeploymentPostprocessing = 0;
			shellPath = /bin/sh;
			shellScript = "\"${PODS_ROOT}/Target Support Files/Pods-Instagram/Pods-Instagram-frameworks.sh\"\n";
			showEnvVarsInLog = 0;
		};
		2B3B53987F741477219BCD4D /* [CP] Check Pods Manifest.lock */ = {
			isa = PBXShellScriptBuildPhase;
			buildActionMask = 2147483647;
			files = (
			);
			inputFileListPaths = (
			);
			inputPaths = (
				"${PODS_PODFILE_DIR_PATH}/Podfile.lock",
				"${PODS_ROOT}/Manifest.lock",
			);
			name = "[CP] Check Pods Manifest.lock";
			outputFileListPaths = (
			);
			outputPaths = (
				"$(DERIVED_FILE_DIR)/Pods-InstagramUITests-checkManifestLockResult.txt",
			);
			runOnlyForDeploymentPostprocessing = 0;
			shellPath = /bin/sh;
			shellScript = "diff \"${PODS_PODFILE_DIR_PATH}/Podfile.lock\" \"${PODS_ROOT}/Manifest.lock\" > /dev/null\nif [ $? != 0 ] ; then\n    # print error to STDERR\n    echo \"error: The sandbox is not in sync with the Podfile.lock. Run 'pod install' or update your CocoaPods installation.\" >&2\n    exit 1\nfi\n# This output is used by Xcode 'outputs' to avoid re-running this script phase.\necho \"SUCCESS\" > \"${SCRIPT_OUTPUT_FILE_0}\"\n";
			showEnvVarsInLog = 0;
		};
		671B659D52CC8863A0E63536 /* [CP] Check Pods Manifest.lock */ = {
			isa = PBXShellScriptBuildPhase;
			buildActionMask = 2147483647;
			files = (
			);
			inputFileListPaths = (
			);
			inputPaths = (
				"${PODS_PODFILE_DIR_PATH}/Podfile.lock",
				"${PODS_ROOT}/Manifest.lock",
			);
			name = "[CP] Check Pods Manifest.lock";
			outputFileListPaths = (
			);
			outputPaths = (
				"$(DERIVED_FILE_DIR)/Pods-Instagram-checkManifestLockResult.txt",
			);
			runOnlyForDeploymentPostprocessing = 0;
			shellPath = /bin/sh;
			shellScript = "diff \"${PODS_PODFILE_DIR_PATH}/Podfile.lock\" \"${PODS_ROOT}/Manifest.lock\" > /dev/null\nif [ $? != 0 ] ; then\n    # print error to STDERR\n    echo \"error: The sandbox is not in sync with the Podfile.lock. Run 'pod install' or update your CocoaPods installation.\" >&2\n    exit 1\nfi\n# This output is used by Xcode 'outputs' to avoid re-running this script phase.\necho \"SUCCESS\" > \"${SCRIPT_OUTPUT_FILE_0}\"\n";
			showEnvVarsInLog = 0;
		};
		EAEA1BB141FC62FD285CCFDD /* [CP] Check Pods Manifest.lock */ = {
			isa = PBXShellScriptBuildPhase;
			buildActionMask = 2147483647;
			files = (
			);
			inputFileListPaths = (
			);
			inputPaths = (
				"${PODS_PODFILE_DIR_PATH}/Podfile.lock",
				"${PODS_ROOT}/Manifest.lock",
			);
			name = "[CP] Check Pods Manifest.lock";
			outputFileListPaths = (
			);
			outputPaths = (
				"$(DERIVED_FILE_DIR)/Pods-InstagramTests-checkManifestLockResult.txt",
			);
			runOnlyForDeploymentPostprocessing = 0;
			shellPath = /bin/sh;
			shellScript = "diff \"${PODS_PODFILE_DIR_PATH}/Podfile.lock\" \"${PODS_ROOT}/Manifest.lock\" > /dev/null\nif [ $? != 0 ] ; then\n    # print error to STDERR\n    echo \"error: The sandbox is not in sync with the Podfile.lock. Run 'pod install' or update your CocoaPods installation.\" >&2\n    exit 1\nfi\n# This output is used by Xcode 'outputs' to avoid re-running this script phase.\necho \"SUCCESS\" > \"${SCRIPT_OUTPUT_FILE_0}\"\n";
			showEnvVarsInLog = 0;
		};
/* End PBXShellScriptBuildPhase section */

/* Begin PBXSourcesBuildPhase section */
		06A0A05722D3FBA900ACAFB0 /* Sources */ = {
			isa = PBXSourcesBuildPhase;
			buildActionMask = 2147483647;
			files = (
				06A0A09622D40DC700ACAFB0 /* RegisterViewController.m in Sources */,
				06A0A09322D407FC00ACAFB0 /* LoginViewController.m in Sources */,
				06A0A06322D3FBA900ACAFB0 /* ViewController.m in Sources */,
				06A0A06E22D3FBAA00ACAFB0 /* main.m in Sources */,
				06A0A06022D3FBA900ACAFB0 /* AppDelegate.m in Sources */,
				06A0A0A922D5500100ACAFB0 /* PostCell.m in Sources */,
				06A0A09C22D526D600ACAFB0 /* CameraViewController.m in Sources */,
				06A0A09922D4133500ACAFB0 /* TimelineViewController.m in Sources */,
				06A0A0A322D53F3500ACAFB0 /* Post.m in Sources */,
			);
			runOnlyForDeploymentPostprocessing = 0;
		};
		06A0A06F22D3FBAA00ACAFB0 /* Sources */ = {
			isa = PBXSourcesBuildPhase;
			buildActionMask = 2147483647;
			files = (
				06A0A07822D3FBAA00ACAFB0 /* InstagramTests.m in Sources */,
			);
			runOnlyForDeploymentPostprocessing = 0;
		};
		06A0A07A22D3FBAA00ACAFB0 /* Sources */ = {
			isa = PBXSourcesBuildPhase;
			buildActionMask = 2147483647;
			files = (
				06A0A08322D3FBAA00ACAFB0 /* InstagramUITests.m in Sources */,
			);
			runOnlyForDeploymentPostprocessing = 0;
		};
/* End PBXSourcesBuildPhase section */

/* Begin PBXTargetDependency section */
		06A0A07522D3FBAA00ACAFB0 /* PBXTargetDependency */ = {
			isa = PBXTargetDependency;
			target = 06A0A05A22D3FBA900ACAFB0 /* Instagram */;
			targetProxy = 06A0A07422D3FBAA00ACAFB0 /* PBXContainerItemProxy */;
		};
		06A0A08022D3FBAA00ACAFB0 /* PBXTargetDependency */ = {
			isa = PBXTargetDependency;
			target = 06A0A05A22D3FBA900ACAFB0 /* Instagram */;
			targetProxy = 06A0A07F22D3FBAA00ACAFB0 /* PBXContainerItemProxy */;
		};
/* End PBXTargetDependency section */

/* Begin PBXVariantGroup section */
		06A0A06422D3FBA900ACAFB0 /* Main.storyboard */ = {
			isa = PBXVariantGroup;
			children = (
				06A0A06522D3FBA900ACAFB0 /* Base */,
			);
			name = Main.storyboard;
			sourceTree = "<group>";
		};
		06A0A06922D3FBAA00ACAFB0 /* LaunchScreen.storyboard */ = {
			isa = PBXVariantGroup;
			children = (
				06A0A06A22D3FBAA00ACAFB0 /* Base */,
			);
			name = LaunchScreen.storyboard;
			sourceTree = "<group>";
		};
/* End PBXVariantGroup section */

/* Begin XCBuildConfiguration section */
		06A0A08522D3FBAA00ACAFB0 /* Debug */ = {
			isa = XCBuildConfiguration;
			buildSettings = {
				ALWAYS_SEARCH_USER_PATHS = NO;
				CLANG_ANALYZER_NONNULL = YES;
				CLANG_ANALYZER_NUMBER_OBJECT_CONVERSION = YES_AGGRESSIVE;
				CLANG_CXX_LANGUAGE_STANDARD = "gnu++14";
				CLANG_CXX_LIBRARY = "libc++";
				CLANG_ENABLE_MODULES = YES;
				CLANG_ENABLE_OBJC_ARC = YES;
				CLANG_ENABLE_OBJC_WEAK = YES;
				CLANG_WARN_BLOCK_CAPTURE_AUTORELEASING = YES;
				CLANG_WARN_BOOL_CONVERSION = YES;
				CLANG_WARN_COMMA = YES;
				CLANG_WARN_CONSTANT_CONVERSION = YES;
				CLANG_WARN_DEPRECATED_OBJC_IMPLEMENTATIONS = YES;
				CLANG_WARN_DIRECT_OBJC_ISA_USAGE = YES_ERROR;
				CLANG_WARN_DOCUMENTATION_COMMENTS = YES;
				CLANG_WARN_EMPTY_BODY = YES;
				CLANG_WARN_ENUM_CONVERSION = YES;
				CLANG_WARN_INFINITE_RECURSION = YES;
				CLANG_WARN_INT_CONVERSION = YES;
				CLANG_WARN_NON_LITERAL_NULL_CONVERSION = YES;
				CLANG_WARN_OBJC_IMPLICIT_RETAIN_SELF = YES;
				CLANG_WARN_OBJC_LITERAL_CONVERSION = YES;
				CLANG_WARN_OBJC_ROOT_CLASS = YES_ERROR;
				CLANG_WARN_RANGE_LOOP_ANALYSIS = YES;
				CLANG_WARN_STRICT_PROTOTYPES = YES;
				CLANG_WARN_SUSPICIOUS_MOVE = YES;
				CLANG_WARN_UNGUARDED_AVAILABILITY = YES_AGGRESSIVE;
				CLANG_WARN_UNREACHABLE_CODE = YES;
				CLANG_WARN__DUPLICATE_METHOD_MATCH = YES;
				CODE_SIGN_IDENTITY = "iPhone Developer";
				COPY_PHASE_STRIP = NO;
				DEBUG_INFORMATION_FORMAT = dwarf;
				ENABLE_STRICT_OBJC_MSGSEND = YES;
				ENABLE_TESTABILITY = YES;
				GCC_C_LANGUAGE_STANDARD = gnu11;
				GCC_DYNAMIC_NO_PIC = NO;
				GCC_NO_COMMON_BLOCKS = YES;
				GCC_OPTIMIZATION_LEVEL = 0;
				GCC_PREPROCESSOR_DEFINITIONS = (
					"DEBUG=1",
					"$(inherited)",
				);
				GCC_WARN_64_TO_32_BIT_CONVERSION = YES;
				GCC_WARN_ABOUT_RETURN_TYPE = YES_ERROR;
				GCC_WARN_UNDECLARED_SELECTOR = YES;
				GCC_WARN_UNINITIALIZED_AUTOS = YES_AGGRESSIVE;
				GCC_WARN_UNUSED_FUNCTION = YES;
				GCC_WARN_UNUSED_VARIABLE = YES;
				IPHONEOS_DEPLOYMENT_TARGET = 12.2;
				MTL_ENABLE_DEBUG_INFO = INCLUDE_SOURCE;
				MTL_FAST_MATH = YES;
				ONLY_ACTIVE_ARCH = YES;
				SDKROOT = iphoneos;
			};
			name = Debug;
		};
		06A0A08622D3FBAA00ACAFB0 /* Release */ = {
			isa = XCBuildConfiguration;
			buildSettings = {
				ALWAYS_SEARCH_USER_PATHS = NO;
				CLANG_ANALYZER_NONNULL = YES;
				CLANG_ANALYZER_NUMBER_OBJECT_CONVERSION = YES_AGGRESSIVE;
				CLANG_CXX_LANGUAGE_STANDARD = "gnu++14";
				CLANG_CXX_LIBRARY = "libc++";
				CLANG_ENABLE_MODULES = YES;
				CLANG_ENABLE_OBJC_ARC = YES;
				CLANG_ENABLE_OBJC_WEAK = YES;
				CLANG_WARN_BLOCK_CAPTURE_AUTORELEASING = YES;
				CLANG_WARN_BOOL_CONVERSION = YES;
				CLANG_WARN_COMMA = YES;
				CLANG_WARN_CONSTANT_CONVERSION = YES;
				CLANG_WARN_DEPRECATED_OBJC_IMPLEMENTATIONS = YES;
				CLANG_WARN_DIRECT_OBJC_ISA_USAGE = YES_ERROR;
				CLANG_WARN_DOCUMENTATION_COMMENTS = YES;
				CLANG_WARN_EMPTY_BODY = YES;
				CLANG_WARN_ENUM_CONVERSION = YES;
				CLANG_WARN_INFINITE_RECURSION = YES;
				CLANG_WARN_INT_CONVERSION = YES;
				CLANG_WARN_NON_LITERAL_NULL_CONVERSION = YES;
				CLANG_WARN_OBJC_IMPLICIT_RETAIN_SELF = YES;
				CLANG_WARN_OBJC_LITERAL_CONVERSION = YES;
				CLANG_WARN_OBJC_ROOT_CLASS = YES_ERROR;
				CLANG_WARN_RANGE_LOOP_ANALYSIS = YES;
				CLANG_WARN_STRICT_PROTOTYPES = YES;
				CLANG_WARN_SUSPICIOUS_MOVE = YES;
				CLANG_WARN_UNGUARDED_AVAILABILITY = YES_AGGRESSIVE;
				CLANG_WARN_UNREACHABLE_CODE = YES;
				CLANG_WARN__DUPLICATE_METHOD_MATCH = YES;
				CODE_SIGN_IDENTITY = "iPhone Developer";
				COPY_PHASE_STRIP = NO;
				DEBUG_INFORMATION_FORMAT = "dwarf-with-dsym";
				ENABLE_NS_ASSERTIONS = NO;
				ENABLE_STRICT_OBJC_MSGSEND = YES;
				GCC_C_LANGUAGE_STANDARD = gnu11;
				GCC_NO_COMMON_BLOCKS = YES;
				GCC_WARN_64_TO_32_BIT_CONVERSION = YES;
				GCC_WARN_ABOUT_RETURN_TYPE = YES_ERROR;
				GCC_WARN_UNDECLARED_SELECTOR = YES;
				GCC_WARN_UNINITIALIZED_AUTOS = YES_AGGRESSIVE;
				GCC_WARN_UNUSED_FUNCTION = YES;
				GCC_WARN_UNUSED_VARIABLE = YES;
				IPHONEOS_DEPLOYMENT_TARGET = 12.2;
				MTL_ENABLE_DEBUG_INFO = NO;
				MTL_FAST_MATH = YES;
				SDKROOT = iphoneos;
				VALIDATE_PRODUCT = YES;
			};
			name = Release;
		};
		06A0A08822D3FBAA00ACAFB0 /* Debug */ = {
			isa = XCBuildConfiguration;
			baseConfigurationReference = BF0301E216A0CE885E872950 /* Pods-Instagram.debug.xcconfig */;
			buildSettings = {
				ASSETCATALOG_COMPILER_APPICON_NAME = AppIcon;
				CODE_SIGN_STYLE = Automatic;
				DEVELOPMENT_TEAM = NWVD29HXAU;
				INFOPLIST_FILE = Instagram/Info.plist;
				LD_RUNPATH_SEARCH_PATHS = (
					"$(inherited)",
					"@executable_path/Frameworks",
				);
				PRODUCT_BUNDLE_IDENTIFIER = com.ezietz.Instagram;
				PRODUCT_NAME = "$(TARGET_NAME)";
				TARGETED_DEVICE_FAMILY = "1,2";
			};
			name = Debug;
		};
		06A0A08922D3FBAA00ACAFB0 /* Release */ = {
			isa = XCBuildConfiguration;
			baseConfigurationReference = 0A3812B13DE6FCE46FEF488E /* Pods-Instagram.release.xcconfig */;
			buildSettings = {
				ASSETCATALOG_COMPILER_APPICON_NAME = AppIcon;
				CODE_SIGN_STYLE = Automatic;
				DEVELOPMENT_TEAM = NWVD29HXAU;
				INFOPLIST_FILE = Instagram/Info.plist;
				LD_RUNPATH_SEARCH_PATHS = (
					"$(inherited)",
					"@executable_path/Frameworks",
				);
				PRODUCT_BUNDLE_IDENTIFIER = com.ezietz.Instagram;
				PRODUCT_NAME = "$(TARGET_NAME)";
				TARGETED_DEVICE_FAMILY = "1,2";
			};
			name = Release;
		};
		06A0A08B22D3FBAA00ACAFB0 /* Debug */ = {
			isa = XCBuildConfiguration;
			baseConfigurationReference = AA33101020EAD762BC339798 /* Pods-InstagramTests.debug.xcconfig */;
			buildSettings = {
				BUNDLE_LOADER = "$(TEST_HOST)";
				CODE_SIGN_STYLE = Automatic;
				DEVELOPMENT_TEAM = NWVD29HXAU;
				INFOPLIST_FILE = InstagramTests/Info.plist;
				LD_RUNPATH_SEARCH_PATHS = (
					"$(inherited)",
					"@executable_path/Frameworks",
					"@loader_path/Frameworks",
				);
				PRODUCT_BUNDLE_IDENTIFIER = com.ezietz.InstagramTests;
				PRODUCT_NAME = "$(TARGET_NAME)";
				TARGETED_DEVICE_FAMILY = "1,2";
				TEST_HOST = "$(BUILT_PRODUCTS_DIR)/Instagram.app/Instagram";
			};
			name = Debug;
		};
		06A0A08C22D3FBAA00ACAFB0 /* Release */ = {
			isa = XCBuildConfiguration;
			baseConfigurationReference = 43E01B430BB01829A52FADB8 /* Pods-InstagramTests.release.xcconfig */;
			buildSettings = {
				BUNDLE_LOADER = "$(TEST_HOST)";
				CODE_SIGN_STYLE = Automatic;
				DEVELOPMENT_TEAM = NWVD29HXAU;
				INFOPLIST_FILE = InstagramTests/Info.plist;
				LD_RUNPATH_SEARCH_PATHS = (
					"$(inherited)",
					"@executable_path/Frameworks",
					"@loader_path/Frameworks",
				);
				PRODUCT_BUNDLE_IDENTIFIER = com.ezietz.InstagramTests;
				PRODUCT_NAME = "$(TARGET_NAME)";
				TARGETED_DEVICE_FAMILY = "1,2";
				TEST_HOST = "$(BUILT_PRODUCTS_DIR)/Instagram.app/Instagram";
			};
			name = Release;
		};
		06A0A08E22D3FBAA00ACAFB0 /* Debug */ = {
			isa = XCBuildConfiguration;
			baseConfigurationReference = 434E8B740B63A466C721CCDB /* Pods-InstagramUITests.debug.xcconfig */;
			buildSettings = {
				CODE_SIGN_STYLE = Automatic;
				DEVELOPMENT_TEAM = NWVD29HXAU;
				INFOPLIST_FILE = InstagramUITests/Info.plist;
				LD_RUNPATH_SEARCH_PATHS = (
					"$(inherited)",
					"@executable_path/Frameworks",
					"@loader_path/Frameworks",
				);
				PRODUCT_BUNDLE_IDENTIFIER = com.ezietz.InstagramUITests;
				PRODUCT_NAME = "$(TARGET_NAME)";
				TARGETED_DEVICE_FAMILY = "1,2";
				TEST_TARGET_NAME = Instagram;
			};
			name = Debug;
		};
		06A0A08F22D3FBAA00ACAFB0 /* Release */ = {
			isa = XCBuildConfiguration;
			baseConfigurationReference = 64B8478D37B121E7417F3EE1 /* Pods-InstagramUITests.release.xcconfig */;
			buildSettings = {
				CODE_SIGN_STYLE = Automatic;
				DEVELOPMENT_TEAM = NWVD29HXAU;
				INFOPLIST_FILE = InstagramUITests/Info.plist;
				LD_RUNPATH_SEARCH_PATHS = (
					"$(inherited)",
					"@executable_path/Frameworks",
					"@loader_path/Frameworks",
				);
				PRODUCT_BUNDLE_IDENTIFIER = com.ezietz.InstagramUITests;
				PRODUCT_NAME = "$(TARGET_NAME)";
				TARGETED_DEVICE_FAMILY = "1,2";
				TEST_TARGET_NAME = Instagram;
			};
			name = Release;
		};
/* End XCBuildConfiguration section */

/* Begin XCConfigurationList section */
		06A0A05622D3FBA900ACAFB0 /* Build configuration list for PBXProject "Instagram" */ = {
			isa = XCConfigurationList;
			buildConfigurations = (
				06A0A08522D3FBAA00ACAFB0 /* Debug */,
				06A0A08622D3FBAA00ACAFB0 /* Release */,
			);
			defaultConfigurationIsVisible = 0;
			defaultConfigurationName = Release;
		};
		06A0A08722D3FBAA00ACAFB0 /* Build configuration list for PBXNativeTarget "Instagram" */ = {
			isa = XCConfigurationList;
			buildConfigurations = (
				06A0A08822D3FBAA00ACAFB0 /* Debug */,
				06A0A08922D3FBAA00ACAFB0 /* Release */,
			);
			defaultConfigurationIsVisible = 0;
			defaultConfigurationName = Release;
		};
		06A0A08A22D3FBAA00ACAFB0 /* Build configuration list for PBXNativeTarget "InstagramTests" */ = {
			isa = XCConfigurationList;
			buildConfigurations = (
				06A0A08B22D3FBAA00ACAFB0 /* Debug */,
				06A0A08C22D3FBAA00ACAFB0 /* Release */,
			);
			defaultConfigurationIsVisible = 0;
			defaultConfigurationName = Release;
		};
		06A0A08D22D3FBAA00ACAFB0 /* Build configuration list for PBXNativeTarget "InstagramUITests" */ = {
			isa = XCConfigurationList;
			buildConfigurations = (
				06A0A08E22D3FBAA00ACAFB0 /* Debug */,
				06A0A08F22D3FBAA00ACAFB0 /* Release */,
			);
			defaultConfigurationIsVisible = 0;
			defaultConfigurationName = Release;
		};
/* End XCConfigurationList section */
	};
	rootObject = 06A0A05322D3FBA900ACAFB0 /* Project object */;
}
